
Microsoft Visual Studio Solution File, Format Version 12.00
# Visual Studio Version 16
VisualStudioVersion = 16.0.31205.134
MinimumVisualStudioVersion = 10.0.40219.1
Project("{E24C65DC-7377-472B-9ABA-BC803B73C61A}") = "InfinityContinental", ".", "{8F6A5860-E04E-4903-94C1-EDCB531E2177}"
	ProjectSection(WebsiteProperties) = preProject
		TargetFrameworkMoniker = ".NETFramework,Version%3Dv4.0"
		Debug.AspNetCompiler.VirtualPath = "/localhost_49546"
		Debug.AspNetCompiler.PhysicalPath = "..\InfinityContinental\"
		Debug.AspNetCompiler.TargetPath = "PrecompiledWeb\localhost_49546\"
		Debug.AspNetCompiler.Updateable = "true"
		Debug.AspNetCompiler.ForceOverwrite = "true"
		Debug.AspNetCompiler.FixedNames = "false"
		Debug.AspNetCompiler.Debug = "True"
		Release.AspNetCompiler.VirtualPath = "/localhost_49546"
		Release.AspNetCompiler.PhysicalPath = "..\InfinityContinental\"
		Release.AspNetCompiler.TargetPath = "PrecompiledWeb\localhost_49546\"
		Release.AspNetCompiler.Updateable = "true"
		Release.AspNetCompiler.ForceOverwrite = "true"
		Release.AspNetCompiler.FixedNames = "false"
		Release.AspNetCompiler.Debug = "False"
		VWDPort = "49546"
	EndProjectSection
EndProject
Global
	GlobalSection(SolutionConfigurationPlatforms) = preSolution
		Debug|Any CPU = Debug|Any CPU
	EndGlobalSection
	GlobalSection(ProjectConfigurationPlatforms) = postSolution
		{8F6A5860-E04E-4903-94C1-EDCB531E2177}.Debug|Any CPU.ActiveCfg = Debug|Any CPU
		{8F6A5860-E04E-4903-94C1-EDCB531E2177}.Debug|Any CPU.Build.0 = Debug|Any CPU
	EndGlobalSection
	GlobalSection(SolutionProperties) = preSolution
		HideSolutionNode = FALSE
	EndGlobalSection
	GlobalSection(ExtensibilityGlobals) = postSolution
		SolutionGuid = {6D5E5375-C647-41F4-BA78-A3AF600F3D3F}
	EndGlobalSection
EndGlobal
